
Microsoft Visual Studio Solution File, Format Version 12.00
# Visual Studio Version 16
VisualStudioVersion = 16.0.29424.173
MinimumVisualStudioVersion = 10.0.40219.1
Project("{FAE04EC0-301F-11D3-BF4B-00C04F79EFBC}") = "protoken", "protoken\protoken.csproj", "{367739D9-A18B-479C-8163-618F8D9DE921}"
EndProject
Global
	GlobalSection(SolutionConfigurationPlatforms) = preSolution
		Debug|Any CPU = Debug|Any CPU
		Release|Any CPU = Release|Any CPU
	EndGlobalSection
	GlobalSection(ProjectConfigurationPlatforms) = postSolution
		{367739D9-A18B-479C-8163-618F8D9DE921}.Debug|Any CPU.ActiveCfg = Debug|Any CPU
		{367739D9-A18B-479C-8163-618F8D9DE921}.Debug|Any CPU.Build.0 = Debug|Any CPU
		{367739D9-A18B-479C-8163-618F8D9DE921}.Release|Any CPU.ActiveCfg = Release|Any CPU
		{367739D9-A18B-479C-8163-618F8D9DE921}.Release|Any CPU.Build.0 = Release|Any CPU
	EndGlobalSection
	GlobalSection(SolutionProperties) = preSolution
		HideSolutionNode = FALSE
	EndGlobalSection
	GlobalSection(ExtensibilityGlobals) = postSolution
		SolutionGuid = {AC3384B2-2871-4D69-A740-E34640928C56}
	EndGlobalSection
EndGlobal
